
Microsoft Visual Studio Solution File, Format Version 12.00
# Visual Studio Version 17
VisualStudioVersion = 17.3.32901.215
MinimumVisualStudioVersion = 10.0.40219.1
Project("{FAE04EC0-301F-11D3-BF4B-00C04F79EFBC}") = "UnweightedAndUnguidedGraph", "UnweightedAndUnguidedGraph\UnweightedAndUnguidedGraph.csproj", "{F3FF4DA9-D574-4CC5-A828-1F357A9F6DFE}"
EndProject
Global
	GlobalSection(SolutionConfigurationPlatforms) = preSolution
		Debug|Any CPU = Debug|Any CPU
		Release|Any CPU = Release|Any CPU
	EndGlobalSection
	GlobalSection(ProjectConfigurationPlatforms) = postSolution
		{F3FF4DA9-D574-4CC5-A828-1F357A9F6DFE}.Debug|Any CPU.ActiveCfg = Debug|Any CPU
		{F3FF4DA9-D574-4CC5-A828-1F357A9F6DFE}.Debug|Any CPU.Build.0 = Debug|Any CPU
		{F3FF4DA9-D574-4CC5-A828-1F357A9F6DFE}.Release|Any CPU.ActiveCfg = Release|Any CPU
		{F3FF4DA9-D574-4CC5-A828-1F357A9F6DFE}.Release|Any CPU.Build.0 = Release|Any CPU
	EndGlobalSection
	GlobalSection(SolutionProperties) = preSolution
		HideSolutionNode = FALSE
	EndGlobalSection
	GlobalSection(ExtensibilityGlobals) = postSolution
		SolutionGuid = {6397C5F4-B46B-4D0F-B0B4-F32057D0200A}
	EndGlobalSection
EndGlobal
